
Microsoft Visual Studio Solution File, Format Version 12.00
# Visual Studio Version 17
VisualStudioVersion = 17.3.32929.385
MinimumVisualStudioVersion = 10.0.40219.1
Project("{FAE04EC0-301F-11D3-BF4B-00C04F79EFBC}") = "RandomPasswordGenerator", "RandomPasswordGenerator\RandomPasswordGenerator.csproj", "{A7E410C9-47A2-4FB6-AB89-B4C5A9CCD49D}"
EndProject
Global
	GlobalSection(SolutionConfigurationPlatforms) = preSolution
		Debug|Any CPU = Debug|Any CPU
		Release|Any CPU = Release|Any CPU
	EndGlobalSection
	GlobalSection(ProjectConfigurationPlatforms) = postSolution
		{A7E410C9-47A2-4FB6-AB89-B4C5A9CCD49D}.Debug|Any CPU.ActiveCfg = Debug|Any CPU
		{A7E410C9-47A2-4FB6-AB89-B4C5A9CCD49D}.Debug|Any CPU.Build.0 = Debug|Any CPU
		{A7E410C9-47A2-4FB6-AB89-B4C5A9CCD49D}.Release|Any CPU.ActiveCfg = Release|Any CPU
		{A7E410C9-47A2-4FB6-AB89-B4C5A9CCD49D}.Release|Any CPU.Build.0 = Release|Any CPU
	EndGlobalSection
	GlobalSection(SolutionProperties) = preSolution
		HideSolutionNode = FALSE
	EndGlobalSection
	GlobalSection(ExtensibilityGlobals) = postSolution
		SolutionGuid = {15866832-8B94-4F86-A059-30D16B9EFC89}
	EndGlobalSection
EndGlobal
